
Microsoft Visual Studio Solution File, Format Version 12.00
# Visual Studio Version 17
VisualStudioVersion = 17.13.35913.81 d17.13
MinimumVisualStudioVersion = 10.0.40219.1
Project("{FAE04EC0-301F-11D3-BF4B-00C04F79EFBC}") = "CaseManagementApp", "CaseManagementApp\CaseManagementApp.csproj", "{EF091416-BCFC-4391-B769-51F44F4DB7F4}"
EndProject
Global
	GlobalSection(SolutionConfigurationPlatforms) = preSolution
		Debug|Any CPU = Debug|Any CPU
		Release|Any CPU = Release|Any CPU
	EndGlobalSection
	GlobalSection(ProjectConfigurationPlatforms) = postSolution
		{EF091416-BCFC-4391-B769-51F44F4DB7F4}.Debug|Any CPU.ActiveCfg = Debug|Any CPU
		{EF091416-BCFC-4391-B769-51F44F4DB7F4}.Debug|Any CPU.Build.0 = Debug|Any CPU
		{EF091416-BCFC-4391-B769-51F44F4DB7F4}.Release|Any CPU.ActiveCfg = Release|Any CPU
		{EF091416-BCFC-4391-B769-51F44F4DB7F4}.Release|Any CPU.Build.0 = Release|Any CPU
	EndGlobalSection
	GlobalSection(SolutionProperties) = preSolution
		HideSolutionNode = FALSE
	EndGlobalSection
	GlobalSection(ExtensibilityGlobals) = postSolution
		SolutionGuid = {D5879FF4-4A45-4B0E-811F-2CF77353EF5A}
	EndGlobalSection
EndGlobal
